
Microsoft Visual Studio Solution File, Format Version 12.00
# Visual Studio 15
VisualStudioVersion = 15.0.27130.2036
MinimumVisualStudioVersion = 10.0.40219.1
Project("{FAE04EC0-301F-11D3-BF4B-00C04F79EFBC}") = "MyShop.Core", "MyShop.Core\MyShop.Core.csproj", "{31E4CEF5-EA94-4A0F-BCA0-AAB7749ED057}"
EndProject
Project("{FAE04EC0-301F-11D3-BF4B-00C04F79EFBC}") = "MyShop.Services", "MyShop.Services\MyShop.Services.csproj", "{2E179C42-A93F-4AFF-9D26-9DECADA6B121}"
EndProject
Project("{FAE04EC0-301F-11D3-BF4B-00C04F79EFBC}") = "MyShop.DataAccess.SQL", "MyShop.DataAccess.SQL\MyShop.DataAccess.SQL.csproj", "{CD6FE554-978D-4A92-9201-6139CC176A58}"
EndProject
Project("{FAE04EC0-301F-11D3-BF4B-00C04F79EFBC}") = "MyShop.DataAccess.InMemory", "MyShop.DataAccess.InMemory\MyShop.DataAccess.InMemory.csproj", "{E5405E0B-79F0-44C4-9F3E-4ACF3149A692}"
EndProject
Project("{FAE04EC0-301F-11D3-BF4B-00C04F79EFBC}") = "MyShop.WebUI", "MyShop.WebUI\MyShop.WebUI.csproj", "{BE17B5C2-A849-4748-9B1C-24B09B6C441A}"
EndProject
Project("{FAE04EC0-301F-11D3-BF4B-00C04F79EFBC}") = "MyShop.WebUI.Tests", "MyShop.WebUI.Tests\MyShop.WebUI.Tests.csproj", "{4F923A75-592D-4950-B6F1-098855311526}"
EndProject
Global
	GlobalSection(SolutionConfigurationPlatforms) = preSolution
		Debug|Any CPU = Debug|Any CPU
		Release|Any CPU = Release|Any CPU
	EndGlobalSection
	GlobalSection(ProjectConfigurationPlatforms) = postSolution
		{31E4CEF5-EA94-4A0F-BCA0-AAB7749ED057}.Debug|Any CPU.ActiveCfg = Debug|Any CPU
		{31E4CEF5-EA94-4A0F-BCA0-AAB7749ED057}.Debug|Any CPU.Build.0 = Debug|Any CPU
		{31E4CEF5-EA94-4A0F-BCA0-AAB7749ED057}.Release|Any CPU.ActiveCfg = Release|Any CPU
		{31E4CEF5-EA94-4A0F-BCA0-AAB7749ED057}.Release|Any CPU.Build.0 = Release|Any CPU
		{2E179C42-A93F-4AFF-9D26-9DECADA6B121}.Debug|Any CPU.ActiveCfg = Debug|Any CPU
		{2E179C42-A93F-4AFF-9D26-9DECADA6B121}.Debug|Any CPU.Build.0 = Debug|Any CPU
		{2E179C42-A93F-4AFF-9D26-9DECADA6B121}.Release|Any CPU.ActiveCfg = Release|Any CPU
		{2E179C42-A93F-4AFF-9D26-9DECADA6B121}.Release|Any CPU.Build.0 = Release|Any CPU
		{CD6FE554-978D-4A92-9201-6139CC176A58}.Debug|Any CPU.ActiveCfg = Debug|Any CPU
		{CD6FE554-978D-4A92-9201-6139CC176A58}.Debug|Any CPU.Build.0 = Debug|Any CPU
		{CD6FE554-978D-4A92-9201-6139CC176A58}.Release|Any CPU.ActiveCfg = Release|Any CPU
		{CD6FE554-978D-4A92-9201-6139CC176A58}.Release|Any CPU.Build.0 = Release|Any CPU
		{E5405E0B-79F0-44C4-9F3E-4ACF3149A692}.Debug|Any CPU.ActiveCfg = Debug|Any CPU
		{E5405E0B-79F0-44C4-9F3E-4ACF3149A692}.Debug|Any CPU.Build.0 = Debug|Any CPU
		{E5405E0B-79F0-44C4-9F3E-4ACF3149A692}.Release|Any CPU.ActiveCfg = Release|Any CPU
		{E5405E0B-79F0-44C4-9F3E-4ACF3149A692}.Release|Any CPU.Build.0 = Release|Any CPU
		{BE17B5C2-A849-4748-9B1C-24B09B6C441A}.Debug|Any CPU.ActiveCfg = Debug|Any CPU
		{BE17B5C2-A849-4748-9B1C-24B09B6C441A}.Debug|Any CPU.Build.0 = Debug|Any CPU
		{BE17B5C2-A849-4748-9B1C-24B09B6C441A}.Release|Any CPU.ActiveCfg = Release|Any CPU
		{BE17B5C2-A849-4748-9B1C-24B09B6C441A}.Release|Any CPU.Build.0 = Release|Any CPU
		{4F923A75-592D-4950-B6F1-098855311526}.Debug|Any CPU.ActiveCfg = Debug|Any CPU
		{4F923A75-592D-4950-B6F1-098855311526}.Debug|Any CPU.Build.0 = Debug|Any CPU
		{4F923A75-592D-4950-B6F1-098855311526}.Release|Any CPU.ActiveCfg = Release|Any CPU
		{4F923A75-592D-4950-B6F1-098855311526}.Release|Any CPU.Build.0 = Release|Any CPU
	EndGlobalSection
	GlobalSection(SolutionProperties) = preSolution
		HideSolutionNode = FALSE
	EndGlobalSection
	GlobalSection(ExtensibilityGlobals) = postSolution
		SolutionGuid = {9D33BA00-FE16-4F80-93B9-EC89A9FBEC28}
	EndGlobalSection
EndGlobal
